
Microsoft Visual Studio Solution File, Format Version 12.00
# Visual Studio Version 16
VisualStudioVersion = 16.0.30413.136
MinimumVisualStudioVersion = 10.0.40219.1
Project("{FAE04EC0-301F-11D3-BF4B-00C04F79EFBC}") = "Kollitoo", "Kollitoo.csproj", "{42663786-5262-43C9-978B-3939A174D771}"
EndProject
Global
	GlobalSection(SolutionConfigurationPlatforms) = preSolution
		Debug|Any CPU = Debug|Any CPU
		Release|Any CPU = Release|Any CPU
	EndGlobalSection
	GlobalSection(ProjectConfigurationPlatforms) = postSolution
		{42663786-5262-43C9-978B-3939A174D771}.Debug|Any CPU.ActiveCfg = Debug|Any CPU
		{42663786-5262-43C9-978B-3939A174D771}.Debug|Any CPU.Build.0 = Debug|Any CPU
		{42663786-5262-43C9-978B-3939A174D771}.Release|Any CPU.ActiveCfg = Release|Any CPU
		{42663786-5262-43C9-978B-3939A174D771}.Release|Any CPU.Build.0 = Release|Any CPU
	EndGlobalSection
	GlobalSection(SolutionProperties) = preSolution
		HideSolutionNode = FALSE
	EndGlobalSection
	GlobalSection(ExtensibilityGlobals) = postSolution
		SolutionGuid = {CB826680-4ABB-46E1-A043-8BA2EC66FBCD}
	EndGlobalSection
EndGlobal
